
Microsoft Visual Studio Solution File, Format Version 12.00
# Visual Studio Version 16
VisualStudioVersion = 16.0.29728.190
MinimumVisualStudioVersion = 10.0.40219.1
Project("{FAE04EC0-301F-11D3-BF4B-00C04F79EFBC}") = "LandingPageSignup", "LandingPageSignup.csproj", "{1CDEC53E-925D-4723-963E-BF496ADA8EC3}"
EndProject
Global
	GlobalSection(SolutionConfigurationPlatforms) = preSolution
		Debug|Any CPU = Debug|Any CPU
		Release|Any CPU = Release|Any CPU
	EndGlobalSection
	GlobalSection(ProjectConfigurationPlatforms) = postSolution
		{1CDEC53E-925D-4723-963E-BF496ADA8EC3}.Debug|Any CPU.ActiveCfg = Debug|Any CPU
		{1CDEC53E-925D-4723-963E-BF496ADA8EC3}.Debug|Any CPU.Build.0 = Debug|Any CPU
		{1CDEC53E-925D-4723-963E-BF496ADA8EC3}.Release|Any CPU.ActiveCfg = Release|Any CPU
		{1CDEC53E-925D-4723-963E-BF496ADA8EC3}.Release|Any CPU.Build.0 = Release|Any CPU
	EndGlobalSection
	GlobalSection(SolutionProperties) = preSolution
		HideSolutionNode = FALSE
	EndGlobalSection
	GlobalSection(ExtensibilityGlobals) = postSolution
		SolutionGuid = {DA51A6B9-9066-4793-B69A-0FA5B9852943}
	EndGlobalSection
EndGlobal
